
Microsoft Visual Studio Solution File, Format Version 12.00
# Visual Studio 15
VisualStudioVersion = 15.0.28307.539
MinimumVisualStudioVersion = 10.0.40219.1
Project("{FAE04EC0-301F-11D3-BF4B-00C04F79EFBC}") = "WpfFusorario", "WpfFusorario\WpfFusorario.csproj", "{682BA337-38A9-4366-A52C-98A59B257A86}"
EndProject
Global
	GlobalSection(SolutionConfigurationPlatforms) = preSolution
		Debug|Any CPU = Debug|Any CPU
		Release|Any CPU = Release|Any CPU
	EndGlobalSection
	GlobalSection(ProjectConfigurationPlatforms) = postSolution
		{682BA337-38A9-4366-A52C-98A59B257A86}.Debug|Any CPU.ActiveCfg = Debug|Any CPU
		{682BA337-38A9-4366-A52C-98A59B257A86}.Debug|Any CPU.Build.0 = Debug|Any CPU
		{682BA337-38A9-4366-A52C-98A59B257A86}.Release|Any CPU.ActiveCfg = Release|Any CPU
		{682BA337-38A9-4366-A52C-98A59B257A86}.Release|Any CPU.Build.0 = Release|Any CPU
	EndGlobalSection
	GlobalSection(SolutionProperties) = preSolution
		HideSolutionNode = FALSE
	EndGlobalSection
	GlobalSection(ExtensibilityGlobals) = postSolution
		SolutionGuid = {412AB50D-FB7F-4E47-8034-A4391F2A5A65}
	EndGlobalSection
EndGlobal
